
Microsoft Visual Studio Solution File, Format Version 12.00
# Visual Studio Version 17
VisualStudioVersion = 17.3.32929.385
MinimumVisualStudioVersion = 10.0.40219.1
Project("{FAE04EC0-301F-11D3-BF4B-00C04F79EFBC}") = "HoteListing.API", "HoteListing.API\HoteListing.API.csproj", "{818B5A30-BC8E-48C7-ADE2-4624321418D8}"
EndProject
Global
	GlobalSection(SolutionConfigurationPlatforms) = preSolution
		Debug|Any CPU = Debug|Any CPU
		Release|Any CPU = Release|Any CPU
	EndGlobalSection
	GlobalSection(ProjectConfigurationPlatforms) = postSolution
		{818B5A30-BC8E-48C7-ADE2-4624321418D8}.Debug|Any CPU.ActiveCfg = Debug|Any CPU
		{818B5A30-BC8E-48C7-ADE2-4624321418D8}.Debug|Any CPU.Build.0 = Debug|Any CPU
		{818B5A30-BC8E-48C7-ADE2-4624321418D8}.Release|Any CPU.ActiveCfg = Release|Any CPU
		{818B5A30-BC8E-48C7-ADE2-4624321418D8}.Release|Any CPU.Build.0 = Release|Any CPU
	EndGlobalSection
	GlobalSection(SolutionProperties) = preSolution
		HideSolutionNode = FALSE
	EndGlobalSection
	GlobalSection(ExtensibilityGlobals) = postSolution
		SolutionGuid = {716B5866-EE1E-4311-8E3A-A086B24F8CCE}
	EndGlobalSection
EndGlobal
